
Microsoft Visual Studio Solution File, Format Version 12.00
# Visual Studio Version 17
VisualStudioVersion = 17.12.35521.163
MinimumVisualStudioVersion = 10.0.40219.1
Project("{2150E333-8FDC-42A3-9474-1A3956D46DE8}") = "src", "src", "{343067B1-C430-492D-928A-43E7B069D73A}"
EndProject
Project("{2150E333-8FDC-42A3-9474-1A3956D46DE8}") = "tests", "tests", "{2D880784-408B-4472-884E-61343044DCA4}"
EndProject
Project("{FAE04EC0-301F-11D3-BF4B-00C04F79EFBC}") = "SmartInventory.API", "src\SmartInventory.API\SmartInventory.API.csproj", "{ECD12280-25DF-4F96-9B75-1C93919C3770}"
EndProject
Project("{FAE04EC0-301F-11D3-BF4B-00C04F79EFBC}") = "SmartInventory.Core", "SmartInventory.Core\SmartInventory.Core.csproj", "{CD1EE07A-CB1C-4D07-84CC-AD0CA7A327BF}"
EndProject
Project("{FAE04EC0-301F-11D3-BF4B-00C04F79EFBC}") = "SmartInventory.Data", "SmartInventory.Data\SmartInventory.Data.csproj", "{69BAD75E-A7D6-430B-A251-1D6A3E06D87E}"
EndProject
Project("{FAE04EC0-301F-11D3-BF4B-00C04F79EFBC}") = "SmartInventory.Services", "SmartInventory.Services\SmartInventory.Services.csproj", "{4E7DD5A6-0801-4970-9088-C5C3E79F9169}"
EndProject
Project("{FAE04EC0-301F-11D3-BF4B-00C04F79EFBC}") = "SmartInventory.Tests", "SmartInventory.Tests\SmartInventory.Tests.csproj", "{1D261F2A-31EA-4DA0-A2F5-3CC34B1DA084}"
EndProject
Global
	GlobalSection(SolutionConfigurationPlatforms) = preSolution
		Debug|Any CPU = Debug|Any CPU
		Release|Any CPU = Release|Any CPU
	EndGlobalSection
	GlobalSection(ProjectConfigurationPlatforms) = postSolution
		{ECD12280-25DF-4F96-9B75-1C93919C3770}.Debug|Any CPU.ActiveCfg = Debug|Any CPU
		{ECD12280-25DF-4F96-9B75-1C93919C3770}.Debug|Any CPU.Build.0 = Debug|Any CPU
		{ECD12280-25DF-4F96-9B75-1C93919C3770}.Release|Any CPU.ActiveCfg = Release|Any CPU
		{ECD12280-25DF-4F96-9B75-1C93919C3770}.Release|Any CPU.Build.0 = Release|Any CPU
		{CD1EE07A-CB1C-4D07-84CC-AD0CA7A327BF}.Debug|Any CPU.ActiveCfg = Debug|Any CPU
		{CD1EE07A-CB1C-4D07-84CC-AD0CA7A327BF}.Debug|Any CPU.Build.0 = Debug|Any CPU
		{CD1EE07A-CB1C-4D07-84CC-AD0CA7A327BF}.Release|Any CPU.ActiveCfg = Release|Any CPU
		{CD1EE07A-CB1C-4D07-84CC-AD0CA7A327BF}.Release|Any CPU.Build.0 = Release|Any CPU
		{69BAD75E-A7D6-430B-A251-1D6A3E06D87E}.Debug|Any CPU.ActiveCfg = Debug|Any CPU
		{69BAD75E-A7D6-430B-A251-1D6A3E06D87E}.Debug|Any CPU.Build.0 = Debug|Any CPU
		{69BAD75E-A7D6-430B-A251-1D6A3E06D87E}.Release|Any CPU.ActiveCfg = Release|Any CPU
		{69BAD75E-A7D6-430B-A251-1D6A3E06D87E}.Release|Any CPU.Build.0 = Release|Any CPU
		{4E7DD5A6-0801-4970-9088-C5C3E79F9169}.Debug|Any CPU.ActiveCfg = Debug|Any CPU
		{4E7DD5A6-0801-4970-9088-C5C3E79F9169}.Debug|Any CPU.Build.0 = Debug|Any CPU
		{4E7DD5A6-0801-4970-9088-C5C3E79F9169}.Release|Any CPU.ActiveCfg = Release|Any CPU
		{4E7DD5A6-0801-4970-9088-C5C3E79F9169}.Release|Any CPU.Build.0 = Release|Any CPU
		{1D261F2A-31EA-4DA0-A2F5-3CC34B1DA084}.Debug|Any CPU.ActiveCfg = Debug|Any CPU
		{1D261F2A-31EA-4DA0-A2F5-3CC34B1DA084}.Debug|Any CPU.Build.0 = Debug|Any CPU
		{1D261F2A-31EA-4DA0-A2F5-3CC34B1DA084}.Release|Any CPU.ActiveCfg = Release|Any CPU
		{1D261F2A-31EA-4DA0-A2F5-3CC34B1DA084}.Release|Any CPU.Build.0 = Release|Any CPU
	EndGlobalSection
	GlobalSection(SolutionProperties) = preSolution
		HideSolutionNode = FALSE
	EndGlobalSection
	GlobalSection(NestedProjects) = preSolution
		{ECD12280-25DF-4F96-9B75-1C93919C3770} = {343067B1-C430-492D-928A-43E7B069D73A}
		{CD1EE07A-CB1C-4D07-84CC-AD0CA7A327BF} = {343067B1-C430-492D-928A-43E7B069D73A}
		{69BAD75E-A7D6-430B-A251-1D6A3E06D87E} = {343067B1-C430-492D-928A-43E7B069D73A}
		{4E7DD5A6-0801-4970-9088-C5C3E79F9169} = {343067B1-C430-492D-928A-43E7B069D73A}
		{1D261F2A-31EA-4DA0-A2F5-3CC34B1DA084} = {2D880784-408B-4472-884E-61343044DCA4}
	EndGlobalSection
EndGlobal
